
Microsoft Visual Studio Solution File, Format Version 12.00
# Visual Studio Version 17
VisualStudioVersion = 17.3.32819.101
MinimumVisualStudioVersion = 10.0.40219.1
Project("{9A19103F-16F7-4668-BE54-9A1E7A4F7556}") = "JsonValidatorForConfigMap", "src\JsonValidatorForConfigMap\JsonValidatorForConfigMap.csproj", "{BCF6B2FF-BE37-4F46-BBD3-9E2A9DE73138}"
EndProject
Global
	GlobalSection(SolutionConfigurationPlatforms) = preSolution
		Debug|Any CPU = Debug|Any CPU
		Release|Any CPU = Release|Any CPU
	EndGlobalSection
	GlobalSection(ProjectConfigurationPlatforms) = postSolution
		{BCF6B2FF-BE37-4F46-BBD3-9E2A9DE73138}.Debug|Any CPU.ActiveCfg = Debug|Any CPU
		{BCF6B2FF-BE37-4F46-BBD3-9E2A9DE73138}.Debug|Any CPU.Build.0 = Debug|Any CPU
		{BCF6B2FF-BE37-4F46-BBD3-9E2A9DE73138}.Release|Any CPU.ActiveCfg = Release|Any CPU
		{BCF6B2FF-BE37-4F46-BBD3-9E2A9DE73138}.Release|Any CPU.Build.0 = Release|Any CPU
	EndGlobalSection
	GlobalSection(SolutionProperties) = preSolution
		HideSolutionNode = FALSE
	EndGlobalSection
	GlobalSection(ExtensibilityGlobals) = postSolution
		SolutionGuid = {B94C9F00-199D-4D1F-9507-D0DF00C6E47B}
	EndGlobalSection
EndGlobal
